
Microsoft Visual Studio Solution File, Format Version 12.00
# Visual Studio 15
VisualStudioVersion = 15.0.28307.779
MinimumVisualStudioVersion = 10.0.40219.1
Project("{888888A0-9F3D-457C-B088-3A5042F75D52}") = "PYTHON_HW3", "PYTHON_HW3\PYTHON_HW3.pyproj", "{4AF94679-68C8-460D-B946-4B61170C2B07}"
EndProject
Global
	GlobalSection(SolutionConfigurationPlatforms) = preSolution
		Debug|Any CPU = Debug|Any CPU
		Release|Any CPU = Release|Any CPU
	EndGlobalSection
	GlobalSection(ProjectConfigurationPlatforms) = postSolution
		{4AF94679-68C8-460D-B946-4B61170C2B07}.Debug|Any CPU.ActiveCfg = Debug|Any CPU
		{4AF94679-68C8-460D-B946-4B61170C2B07}.Release|Any CPU.ActiveCfg = Release|Any CPU
	EndGlobalSection
	GlobalSection(SolutionProperties) = preSolution
		HideSolutionNode = FALSE
	EndGlobalSection
	GlobalSection(ExtensibilityGlobals) = postSolution
		SolutionGuid = {9CA2E78A-F260-4CA6-9C9C-FC9ACBD7A88D}
	EndGlobalSection
EndGlobal
